
Microsoft Visual Studio Solution File, Format Version 12.00
# Visual Studio Version 17
VisualStudioVersion = 17.8.34408.163
MinimumVisualStudioVersion = 10.0.40219.1
Project("{FAE04EC0-301F-11D3-BF4B-00C04F79EFBC}") = "Homework01_01", "Homework01_01\Homework01_01.csproj", "{2BB40698-5518-409F-BB83-0F1208FD28F0}"
EndProject
Project("{FAE04EC0-301F-11D3-BF4B-00C04F79EFBC}") = "Homework01_02", "Homework01_02\Homework01_02.csproj", "{36A75459-74E4-4E43-9BB3-677A45A329CC}"
EndProject
Project("{FAE04EC0-301F-11D3-BF4B-00C04F79EFBC}") = "Homework01_03", "Homework01_03\Homework01_03.csproj", "{1ADE54AC-8469-4DB5-AE1F-E1E4E3734317}"
EndProject
Project("{FAE04EC0-301F-11D3-BF4B-00C04F79EFBC}") = "Homework01_04", "Homework01_04\Homework01_04.csproj", "{578A0904-0DF6-40B5-BE8A-2E4466BE1532}"
EndProject
Global
	GlobalSection(SolutionConfigurationPlatforms) = preSolution
		Debug|Any CPU = Debug|Any CPU
		Release|Any CPU = Release|Any CPU
	EndGlobalSection
	GlobalSection(ProjectConfigurationPlatforms) = postSolution
		{2BB40698-5518-409F-BB83-0F1208FD28F0}.Debug|Any CPU.ActiveCfg = Debug|Any CPU
		{2BB40698-5518-409F-BB83-0F1208FD28F0}.Debug|Any CPU.Build.0 = Debug|Any CPU
		{2BB40698-5518-409F-BB83-0F1208FD28F0}.Release|Any CPU.ActiveCfg = Release|Any CPU
		{2BB40698-5518-409F-BB83-0F1208FD28F0}.Release|Any CPU.Build.0 = Release|Any CPU
		{36A75459-74E4-4E43-9BB3-677A45A329CC}.Debug|Any CPU.ActiveCfg = Debug|Any CPU
		{36A75459-74E4-4E43-9BB3-677A45A329CC}.Debug|Any CPU.Build.0 = Debug|Any CPU
		{36A75459-74E4-4E43-9BB3-677A45A329CC}.Release|Any CPU.ActiveCfg = Release|Any CPU
		{36A75459-74E4-4E43-9BB3-677A45A329CC}.Release|Any CPU.Build.0 = Release|Any CPU
		{1ADE54AC-8469-4DB5-AE1F-E1E4E3734317}.Debug|Any CPU.ActiveCfg = Debug|Any CPU
		{1ADE54AC-8469-4DB5-AE1F-E1E4E3734317}.Debug|Any CPU.Build.0 = Debug|Any CPU
		{1ADE54AC-8469-4DB5-AE1F-E1E4E3734317}.Release|Any CPU.ActiveCfg = Release|Any CPU
		{1ADE54AC-8469-4DB5-AE1F-E1E4E3734317}.Release|Any CPU.Build.0 = Release|Any CPU
		{578A0904-0DF6-40B5-BE8A-2E4466BE1532}.Debug|Any CPU.ActiveCfg = Debug|Any CPU
		{578A0904-0DF6-40B5-BE8A-2E4466BE1532}.Debug|Any CPU.Build.0 = Debug|Any CPU
		{578A0904-0DF6-40B5-BE8A-2E4466BE1532}.Release|Any CPU.ActiveCfg = Release|Any CPU
		{578A0904-0DF6-40B5-BE8A-2E4466BE1532}.Release|Any CPU.Build.0 = Release|Any CPU
	EndGlobalSection
	GlobalSection(SolutionProperties) = preSolution
		HideSolutionNode = FALSE
	EndGlobalSection
	GlobalSection(ExtensibilityGlobals) = postSolution
		SolutionGuid = {3414150B-28F1-42E4-9567-5F300076909B}
	EndGlobalSection
EndGlobal
